# THIS IS AN AUTOGENERATED FILE. DO NOT EDIT THIS FILE DIRECTLY.
# yarn lockfile v1


unibabel@^2.1.7:
  version "2.1.7"
  resolved "https://registry.yarnpkg.com/unibabel/-/unibabel-2.1.7.tgz#3f3e5725abfeac5fdc1513dc0ff8b139798517e0"
  integrity sha512-UE3o33owprhW9KYqBdFYzbx5m/nYavivQm+GsjRhQ29/B1oEsgkAculd9A93c3oUVy4voq7E49xnty73nXB2HQ==
