{
  "name": "@webauthn/server",
  "version": "0.1.3",
  "lockfileVersion": 1,
  "requires": true,
  "dependencies": {
    "bignumber.js": {
      "version": "9.0.0",
      "resolved": "https://registry.npmjs.org/bignumber.js/-/bignumber.js-9.0.0.tgz",
      "integrity": "sha512-t/OYhhJ2SD+YGBQcjY8GzzDHEk9f3nerxjtfa6tlMXfe7frs/WozhvCNoGvpM0P3bNf3Gq5ZRMlGr5f3r4/N8A=="
    },
    "cbor": {
      "version": "5.0.2",
      "resolved": "https://registry.npmjs.org/cbor/-/cbor-5.0.2.tgz",
      "integrity": "sha512-6JiKVURxxO92FntzTJq54QdN/8fBaBwD7+nNyGIAi1HL9mBgU3YK6ULV8k7WTuT/EwfRsjy3MuqDKlkQMCmfXg==",
      "requires": {
        "bignumber.js": "^9.0.0",
        "nofilter": "^1.0.3"
      }
    },
    "jsrsasign": {
      "version": "8.0.15",
      "resolved": "https://registry.npmjs.org/jsrsasign/-/jsrsasign-8.0.15.tgz",
      "integrity": "sha512-6UKHqnNs5lYROn03wf1BTw7DQx5tW616DTigjbo0JHV97D3HzIqYmPVCBSNsfEfQOrfpFqmPZJvaC3cMNOT0Yw=="
    },
    "nofilter": {
      "version": "1.0.3",
      "resolved": "https://registry.npmjs.org/nofilter/-/nofilter-1.0.3.tgz",
      "integrity": "sha512-FlUlqwRK6reQCaFLAhMcF+6VkVG2caYjKQY3YsRDTl4/SEch595Qb3oLjJRDr8dkHAAOVj2pOx3VknfnSgkE5g=="
    }
  }
}