# THIS IS AN AUTOGENERATED FILE. DO NOT EDIT THIS FILE DIRECTLY.
# yarn lockfile v1


bignumber.js@^8.0.2:
  version "8.1.1"
  resolved "https://registry.yarnpkg.com/bignumber.js/-/bignumber.js-8.1.1.tgz#4b072ae5aea9c20f6730e4e5d529df1271c4d885"
  integrity sha512-QD46ppGintwPGuL1KqmwhR0O+N2cZUg8JG/VzwI2e28sM9TqHjQB10lI4QAaMHVbLzwVLLAwEglpKPViWX+5NQ==

cbor@^4.1.5:
  version "4.1.5"
  resolved "https://registry.yarnpkg.com/cbor/-/cbor-4.1.5.tgz#c8ef3702b2f8710bde1425903c0c16a50419d369"
  integrity sha512-WqpISHl7/kk1u1uoaqctGyGiET3+wGN4A6pPsFCzEBztJJlCVxnMB4JwcuuNSrMiV4V6UBlxMkhNzJrUxDWO1A==
  dependencies:
    bignumber.js "^8.0.2"
    commander "^2.19.0"
    json-text-sequence "^0.1"
    nofilter "^1.0.1"

commander@^2.19.0:
  version "2.19.0"
  resolved "https://registry.yarnpkg.com/commander/-/commander-2.19.0.tgz#f6198aa84e5b83c46054b94ddedbfed5ee9ff12a"
  integrity sha512-6tvAOO+D6OENvRAh524Dh9jcfKTYDQAqvqezbCW82xj5X0pSrcpxtvRKHLG0yBY6SD7PSDrJaj+0AiOcKVd1Xg==

delimit-stream@0.1.0:
  version "0.1.0"
  resolved "https://registry.yarnpkg.com/delimit-stream/-/delimit-stream-0.1.0.tgz#9b8319477c0e5f8aeb3ce357ae305fc25ea1cd2b"
  integrity sha1-m4MZR3wOX4rrPONXrjBfwl6hzSs=

json-text-sequence@^0.1:
  version "0.1.1"
  resolved "https://registry.yarnpkg.com/json-text-sequence/-/json-text-sequence-0.1.1.tgz#a72f217dc4afc4629fff5feb304dc1bd51a2f3d2"
  integrity sha1-py8hfcSvxGKf/1/rME3BvVGi89I=
  dependencies:
    delimit-stream "0.1.0"

jsrsasign@^8.0.12:
  version "8.0.12"
  resolved "https://registry.yarnpkg.com/jsrsasign/-/jsrsasign-8.0.12.tgz#22abb9656d34a30b9530436720835e89c2e5c316"
  integrity sha1-Iqu5ZW00owuVMENnIINeicLlwxY=

nofilter@^1.0.1:
  version "1.0.2"
  resolved "https://registry.yarnpkg.com/nofilter/-/nofilter-1.0.2.tgz#d2887b9e76531fa251f20038c3843b993f1b3e26"
  integrity sha512-d38SORxm9UNoDsnPXajV9nBEebKX4/paXAlyRGnSjZuFbLLZDFUO4objr+tbybqsbqGXDWllb6gQoKUDc9q3Cg==
